
Microsoft Visual Studio Solution File, Format Version 12.00
# Visual Studio 15
Project("{FAE04EC0-301F-11D3-BF4B-00C04F79EFBC}") = "Assembly-CSharp", "Assembly-CSharp.csproj", "{B31F66A1-5691-CE5F-0500-B4E058BDFCF0}"
EndProject
Project("{FAE04EC0-301F-11D3-BF4B-00C04F79EFBC}") = "Assembly-CSharp-firstpass", "Assembly-CSharp-firstpass.csproj", "{4B4769C0-3F73-C952-4FF7-752E17D799CC}"
EndProject
Project("{FAE04EC0-301F-11D3-BF4B-00C04F79EFBC}") = "Assembly-CSharp-Editor", "Assembly-CSharp-Editor.csproj", "{03F60F9C-ECD2-C041-60C7-4EE1EEEDD723}"
EndProject
Global
	GlobalSection(SolutionConfigurationPlatforms) = preSolution
		Debug|Any CPU = Debug|Any CPU
		Release|Any CPU = Release|Any CPU
	EndGlobalSection
	GlobalSection(ProjectConfigurationPlatforms) = postSolution
		{B31F66A1-5691-CE5F-0500-B4E058BDFCF0}.Debug|Any CPU.ActiveCfg = Debug|Any CPU
		{B31F66A1-5691-CE5F-0500-B4E058BDFCF0}.Debug|Any CPU.Build.0 = Debug|Any CPU
		{B31F66A1-5691-CE5F-0500-B4E058BDFCF0}.Release|Any CPU.ActiveCfg = Release|Any CPU
		{B31F66A1-5691-CE5F-0500-B4E058BDFCF0}.Release|Any CPU.Build.0 = Release|Any CPU
		{4B4769C0-3F73-C952-4FF7-752E17D799CC}.Debug|Any CPU.ActiveCfg = Debug|Any CPU
		{4B4769C0-3F73-C952-4FF7-752E17D799CC}.Debug|Any CPU.Build.0 = Debug|Any CPU
		{4B4769C0-3F73-C952-4FF7-752E17D799CC}.Release|Any CPU.ActiveCfg = Release|Any CPU
		{4B4769C0-3F73-C952-4FF7-752E17D799CC}.Release|Any CPU.Build.0 = Release|Any CPU
		{03F60F9C-ECD2-C041-60C7-4EE1EEEDD723}.Debug|Any CPU.ActiveCfg = Debug|Any CPU
		{03F60F9C-ECD2-C041-60C7-4EE1EEEDD723}.Debug|Any CPU.Build.0 = Debug|Any CPU
		{03F60F9C-ECD2-C041-60C7-4EE1EEEDD723}.Release|Any CPU.ActiveCfg = Release|Any CPU
		{03F60F9C-ECD2-C041-60C7-4EE1EEEDD723}.Release|Any CPU.Build.0 = Release|Any CPU
	EndGlobalSection
	GlobalSection(SolutionProperties) = preSolution
		HideSolutionNode = FALSE
	EndGlobalSection
EndGlobal
