
Microsoft Visual Studio Solution File, Format Version 11.00
# Visual Studio 2010
Project("{FAE04EC0-301F-11D3-BF4B-00C04F79EFBC}") = "UnityEngine.UI", "UnityEngine.UI.csproj", "{44d37805-059c-d52c-8ca8-6ea181b5574e}"
EndProject
Project("{FAE04EC0-301F-11D3-BF4B-00C04F79EFBC}") = "Unity.RenderPipelines.Core.Runtime", "Unity.RenderPipelines.Core.Runtime.csproj", "{500996af-94de-b09f-89e1-8d55a6286d81}"
EndProject
Project("{FAE04EC0-301F-11D3-BF4B-00C04F79EFBC}") = "UnityEngine.TestRunner", "UnityEngine.TestRunner.csproj", "{dfdcb497-90b6-012d-1825-afe5ef1664c9}"
EndProject
Project("{FAE04EC0-301F-11D3-BF4B-00C04F79EFBC}") = "Unity.Mathematics", "Unity.Mathematics.csproj", "{8bb2c78a-3abc-e0a0-2a15-b1eedb1f2bef}"
EndProject
Project("{FAE04EC0-301F-11D3-BF4B-00C04F79EFBC}") = "Unity.RenderPipelines.Universal.Runtime", "Unity.RenderPipelines.Universal.Runtime.csproj", "{3b2b9000-d5ff-5613-cbcd-8260eac75bd6}"
EndProject
Project("{FAE04EC0-301F-11D3-BF4B-00C04F79EFBC}") = "Unity.2D.Animation.Runtime", "Unity.2D.Animation.Runtime.csproj", "{8a9a944a-4ed2-bfff-79b3-e659c2af35a8}"
EndProject
Project("{FAE04EC0-301F-11D3-BF4B-00C04F79EFBC}") = "Unity.TextMeshPro", "Unity.TextMeshPro.csproj", "{9c11a5b2-81c8-99bb-b143-f1498747fb1b}"
EndProject
Project("{FAE04EC0-301F-11D3-BF4B-00C04F79EFBC}") = "Cinemachine", "Cinemachine.csproj", "{dd174e4c-efb7-4655-92d9-0eab788ca730}"
EndProject
Project("{FAE04EC0-301F-11D3-BF4B-00C04F79EFBC}") = "Unity.Timeline", "Unity.Timeline.csproj", "{d3b58d9e-a45c-db06-68a8-d3d1596f390a}"
EndProject
Project("{FAE04EC0-301F-11D3-BF4B-00C04F79EFBC}") = "Assembly-CSharp", "Assembly-CSharp.csproj", "{6e3f727d-8638-91c5-b42b-543bf2fb8445}"
EndProject
Project("{FAE04EC0-301F-11D3-BF4B-00C04F79EFBC}") = "Unity.2D.SpriteShape.Runtime", "Unity.2D.SpriteShape.Runtime.csproj", "{cfe4c862-8e2d-27ef-1889-6178256df901}"
EndProject
Project("{FAE04EC0-301F-11D3-BF4B-00C04F79EFBC}") = "Unity.2D.Animation.Triangle.Runtime", "Unity.2D.Animation.Triangle.Runtime.csproj", "{4d34d0c5-5301-c42a-27fc-44362043a17a}"
EndProject
Project("{FAE04EC0-301F-11D3-BF4B-00C04F79EFBC}") = "Unity.2D.PixelPerfect", "Unity.2D.PixelPerfect.csproj", "{da2648cd-fddd-54b7-e892-7c52c78dfd3a}"
EndProject
Project("{FAE04EC0-301F-11D3-BF4B-00C04F79EFBC}") = "Unity.2D.IK.Runtime", "Unity.2D.IK.Runtime.csproj", "{f241cab5-08b3-f19a-d3b4-8bdbe2465652}"
EndProject
Project("{FAE04EC0-301F-11D3-BF4B-00C04F79EFBC}") = "Unity.2D.Tilemap.Extras", "Unity.2D.Tilemap.Extras.csproj", "{5f2ed5da-ebb9-0ee2-f98e-c7f1d4eb88ef}"
EndProject
Project("{FAE04EC0-301F-11D3-BF4B-00C04F79EFBC}") = "Assembly-CSharp-firstpass", "Assembly-CSharp-firstpass.csproj", "{26547aaf-91c9-e79f-bba6-ceb725691ae4}"
EndProject
Project("{FAE04EC0-301F-11D3-BF4B-00C04F79EFBC}") = "Unity.2D.Common.Runtime", "Unity.2D.Common.Runtime.csproj", "{dab45650-4847-aad5-00d7-1142371864c0}"
EndProject
Project("{FAE04EC0-301F-11D3-BF4B-00C04F79EFBC}") = "Unity.RenderPipelines.Core.ShaderLibrary", "Unity.RenderPipelines.Core.ShaderLibrary.csproj", "{5e3734d6-0c60-493e-7f29-5c202192e496}"
EndProject
Project("{FAE04EC0-301F-11D3-BF4B-00C04F79EFBC}") = "Unity.InternalAPIEngineBridge.001", "Unity.InternalAPIEngineBridge.001.csproj", "{9a412948-0d7e-c318-bcb5-1142c9e74df5}"
EndProject
Project("{FAE04EC0-301F-11D3-BF4B-00C04F79EFBC}") = "Unity.RenderPipeline.Universal.ShaderLibrary", "Unity.RenderPipeline.Universal.ShaderLibrary.csproj", "{d71edc01-29e5-a6c6-bce2-4ee19981787b}"
EndProject
Project("{FAE04EC0-301F-11D3-BF4B-00C04F79EFBC}") = "Unity.RenderPipelines.Universal.Shaders", "Unity.RenderPipelines.Universal.Shaders.csproj", "{8a00f238-4230-e4fd-85f4-565f9cf6a28b}"
EndProject
Project("{FAE04EC0-301F-11D3-BF4B-00C04F79EFBC}") = "Unity.RenderPipelines.ShaderGraph.ShaderGraphLibrary", "Unity.RenderPipelines.ShaderGraph.ShaderGraphLibrary.csproj", "{c1cbc0d4-320d-58f8-190a-8fed197d897e}"
EndProject
Project("{FAE04EC0-301F-11D3-BF4B-00C04F79EFBC}") = "Unity.PlasticSCM.Editor", "Unity.PlasticSCM.Editor.csproj", "{ff349955-cbbc-0701-ce45-1ff3a4af8c2f}"
EndProject
Project("{FAE04EC0-301F-11D3-BF4B-00C04F79EFBC}") = "Unity.ShaderGraph.Editor", "Unity.ShaderGraph.Editor.csproj", "{73e241d2-9fad-6a26-e37a-1b6aea584c60}"
EndProject
Project("{FAE04EC0-301F-11D3-BF4B-00C04F79EFBC}") = "Unity.VisualStudio.Editor", "Unity.VisualStudio.Editor.csproj", "{9a2ad9a2-74da-5e3c-1ded-520757d74dc8}"
EndProject
Project("{FAE04EC0-301F-11D3-BF4B-00C04F79EFBC}") = "Unity.Timeline.Editor", "Unity.Timeline.Editor.csproj", "{fc9bb0c4-4458-20bb-7243-a383b661cbe4}"
EndProject
Project("{FAE04EC0-301F-11D3-BF4B-00C04F79EFBC}") = "com.unity.cinemachine.editor", "com.unity.cinemachine.editor.csproj", "{b3e03241-196e-940c-2271-8d81cfceb9a8}"
EndProject
Project("{FAE04EC0-301F-11D3-BF4B-00C04F79EFBC}") = "Unity.TextMeshPro.Editor", "Unity.TextMeshPro.Editor.csproj", "{f12bc568-0450-406a-c43d-37540e86c2fd}"
EndProject
Project("{FAE04EC0-301F-11D3-BF4B-00C04F79EFBC}") = "Unity.2D.Animation.Editor", "Unity.2D.Animation.Editor.csproj", "{a5eba1c3-b128-527b-ad85-97453681cda3}"
EndProject
Project("{FAE04EC0-301F-11D3-BF4B-00C04F79EFBC}") = "Unity.CollabProxy.Editor", "Unity.CollabProxy.Editor.csproj", "{c8a9c164-e5b5-cdc9-2992-bc007b1757b9}"
EndProject
Project("{FAE04EC0-301F-11D3-BF4B-00C04F79EFBC}") = "UnityEditor.TestRunner", "UnityEditor.TestRunner.csproj", "{b49d1503-66b3-edfb-1252-0afcca4aa103}"
EndProject
Project("{FAE04EC0-301F-11D3-BF4B-00C04F79EFBC}") = "Unity.Rider.Editor", "Unity.Rider.Editor.csproj", "{b9f01790-e455-264a-7f68-a34ae85c497d}"
EndProject
Project("{FAE04EC0-301F-11D3-BF4B-00C04F79EFBC}") = "Unity.2D.Path.Editor", "Unity.2D.Path.Editor.csproj", "{8714f219-df8a-fabe-ca32-053dc1fa450b}"
EndProject
Project("{FAE04EC0-301F-11D3-BF4B-00C04F79EFBC}") = "Unity.RenderPipelines.Universal.Editor", "Unity.RenderPipelines.Universal.Editor.csproj", "{739e063a-dfe2-8345-58c2-25335c27127f}"
EndProject
Project("{FAE04EC0-301F-11D3-BF4B-00C04F79EFBC}") = "Unity.Services.Core.Editor", "Unity.Services.Core.Editor.csproj", "{841d4ef0-8fa7-c614-a793-9b0287ce60ab}"
EndProject
Project("{FAE04EC0-301F-11D3-BF4B-00C04F79EFBC}") = "PsdPlugin", "PsdPlugin.csproj", "{28a9e531-2da6-fd80-ee42-08147d22a861}"
EndProject
Project("{FAE04EC0-301F-11D3-BF4B-00C04F79EFBC}") = "Unity.RenderPipelines.Core.Editor", "Unity.RenderPipelines.Core.Editor.csproj", "{6e3871a0-f951-0865-cf0c-13efb9e14e98}"
EndProject
Project("{FAE04EC0-301F-11D3-BF4B-00C04F79EFBC}") = "Unity.Searcher.Editor", "Unity.Searcher.Editor.csproj", "{9dfc367d-f3bb-c9e7-8cd6-dab59a0de9d1}"
EndProject
Project("{FAE04EC0-301F-11D3-BF4B-00C04F79EFBC}") = "Unity.2D.IK.Editor", "Unity.2D.IK.Editor.csproj", "{61bbbb62-3fa2-7380-9534-2e59ee1a396e}"
EndProject
Project("{FAE04EC0-301F-11D3-BF4B-00C04F79EFBC}") = "Unity.2D.Psdimporter.Editor", "Unity.2D.Psdimporter.Editor.csproj", "{cea4a786-8334-e57a-65cb-6dd1398213fd}"
EndProject
Project("{FAE04EC0-301F-11D3-BF4B-00C04F79EFBC}") = "Unity.2D.SpriteShape.Editor", "Unity.2D.SpriteShape.Editor.csproj", "{4c2f23fa-95dd-d8a0-f78d-f68ad8c09300}"
EndProject
Project("{FAE04EC0-301F-11D3-BF4B-00C04F79EFBC}") = "Unity.SysrootPackage.Editor", "Unity.SysrootPackage.Editor.csproj", "{5a20c83e-5063-3932-0f56-64e842e5763c}"
EndProject
Project("{FAE04EC0-301F-11D3-BF4B-00C04F79EFBC}") = "Unity.2D.Tilemap.Editor", "Unity.2D.Tilemap.Editor.csproj", "{a42c88a8-6f86-26fc-7c9f-1e6b42b7469e}"
EndProject
Project("{FAE04EC0-301F-11D3-BF4B-00C04F79EFBC}") = "Unity.2D.PixelPerfect.Editor", "Unity.2D.PixelPerfect.Editor.csproj", "{fe3c468f-6ea5-7b82-d30c-182b2b133880}"
EndProject
Project("{FAE04EC0-301F-11D3-BF4B-00C04F79EFBC}") = "Unity.VSCode.Editor", "Unity.VSCode.Editor.csproj", "{dbb9f4a5-5b79-1c28-2919-051f790c14e4}"
EndProject
Project("{FAE04EC0-301F-11D3-BF4B-00C04F79EFBC}") = "Unity.2D.Sprite.Editor", "Unity.2D.Sprite.Editor.csproj", "{569aad5c-4c7d-5df3-0373-ed5451322fd1}"
EndProject
Project("{FAE04EC0-301F-11D3-BF4B-00C04F79EFBC}") = "UnityEditor.UI", "UnityEditor.UI.csproj", "{823ac039-4553-e15c-1976-d12a06b1e393}"
EndProject
Project("{FAE04EC0-301F-11D3-BF4B-00C04F79EFBC}") = "Unity.Mathematics.Editor", "Unity.Mathematics.Editor.csproj", "{c7e93fec-09df-5e66-73c8-988e5c49ad48}"
EndProject
Project("{FAE04EC0-301F-11D3-BF4B-00C04F79EFBC}") = "Unity.2D.Common.Editor", "Unity.2D.Common.Editor.csproj", "{5f12ac8a-3010-ee6d-1a03-a1b0705ffde1}"
EndProject
Project("{FAE04EC0-301F-11D3-BF4B-00C04F79EFBC}") = "Unity.2D.Tilemap.Extras.Editor", "Unity.2D.Tilemap.Extras.Editor.csproj", "{eddd287d-be24-4bd4-6e96-928b40bbc751}"
EndProject
Project("{FAE04EC0-301F-11D3-BF4B-00C04F79EFBC}") = "Assembly-CSharp-Editor", "Assembly-CSharp-Editor.csproj", "{7d73c15d-462e-8383-1385-de33935c8ff2}"
EndProject
Project("{FAE04EC0-301F-11D3-BF4B-00C04F79EFBC}") = "Unity.InternalAPIEditorBridge.001", "Unity.InternalAPIEditorBridge.001.csproj", "{3140962f-44f6-045c-3af9-331f0a008714}"
EndProject
Project("{FAE04EC0-301F-11D3-BF4B-00C04F79EFBC}") = "Unity.ShaderGraph.Utilities", "Unity.ShaderGraph.Utilities.csproj", "{41914bc2-9c7d-406e-f651-d30754382c9c}"
EndProject
Project("{FAE04EC0-301F-11D3-BF4B-00C04F79EFBC}") = "Unity.Sysroot.Linux_x86_64", "Unity.Sysroot.Linux_x86_64.csproj", "{d4ffd859-ee7c-b75e-7550-4465a14885e5}"
EndProject
Project("{FAE04EC0-301F-11D3-BF4B-00C04F79EFBC}") = "Unity.Toolchain.Linux-x86_64", "Unity.Toolchain.Linux-x86_64.csproj", "{459c3054-7ad9-9f21-9795-c563c749a6e6}"
EndProject
Global
	GlobalSection(SolutionConfigurationPlatforms) = preSolution
		Debug|Any CPU = Debug|Any CPU
	EndGlobalSection
	GlobalSection(ProjectConfigurationPlatforms) = postSolution
		{44d37805-059c-d52c-8ca8-6ea181b5574e}.Debug|Any CPU.ActiveCfg = Debug|Any CPU
		{44d37805-059c-d52c-8ca8-6ea181b5574e}.Debug|Any CPU.Build.0 = Debug|Any CPU
		{500996af-94de-b09f-89e1-8d55a6286d81}.Debug|Any CPU.ActiveCfg = Debug|Any CPU
		{500996af-94de-b09f-89e1-8d55a6286d81}.Debug|Any CPU.Build.0 = Debug|Any CPU
		{dfdcb497-90b6-012d-1825-afe5ef1664c9}.Debug|Any CPU.ActiveCfg = Debug|Any CPU
		{dfdcb497-90b6-012d-1825-afe5ef1664c9}.Debug|Any CPU.Build.0 = Debug|Any CPU
		{8bb2c78a-3abc-e0a0-2a15-b1eedb1f2bef}.Debug|Any CPU.ActiveCfg = Debug|Any CPU
		{8bb2c78a-3abc-e0a0-2a15-b1eedb1f2bef}.Debug|Any CPU.Build.0 = Debug|Any CPU
		{3b2b9000-d5ff-5613-cbcd-8260eac75bd6}.Debug|Any CPU.ActiveCfg = Debug|Any CPU
		{3b2b9000-d5ff-5613-cbcd-8260eac75bd6}.Debug|Any CPU.Build.0 = Debug|Any CPU
		{8a9a944a-4ed2-bfff-79b3-e659c2af35a8}.Debug|Any CPU.ActiveCfg = Debug|Any CPU
		{8a9a944a-4ed2-bfff-79b3-e659c2af35a8}.Debug|Any CPU.Build.0 = Debug|Any CPU
		{9c11a5b2-81c8-99bb-b143-f1498747fb1b}.Debug|Any CPU.ActiveCfg = Debug|Any CPU
		{9c11a5b2-81c8-99bb-b143-f1498747fb1b}.Debug|Any CPU.Build.0 = Debug|Any CPU
		{dd174e4c-efb7-4655-92d9-0eab788ca730}.Debug|Any CPU.ActiveCfg = Debug|Any CPU
		{dd174e4c-efb7-4655-92d9-0eab788ca730}.Debug|Any CPU.Build.0 = Debug|Any CPU
		{d3b58d9e-a45c-db06-68a8-d3d1596f390a}.Debug|Any CPU.ActiveCfg = Debug|Any CPU
		{d3b58d9e-a45c-db06-68a8-d3d1596f390a}.Debug|Any CPU.Build.0 = Debug|Any CPU
		{6e3f727d-8638-91c5-b42b-543bf2fb8445}.Debug|Any CPU.ActiveCfg = Debug|Any CPU
		{6e3f727d-8638-91c5-b42b-543bf2fb8445}.Debug|Any CPU.Build.0 = Debug|Any CPU
		{cfe4c862-8e2d-27ef-1889-6178256df901}.Debug|Any CPU.ActiveCfg = Debug|Any CPU
		{cfe4c862-8e2d-27ef-1889-6178256df901}.Debug|Any CPU.Build.0 = Debug|Any CPU
		{4d34d0c5-5301-c42a-27fc-44362043a17a}.Debug|Any CPU.ActiveCfg = Debug|Any CPU
		{4d34d0c5-5301-c42a-27fc-44362043a17a}.Debug|Any CPU.Build.0 = Debug|Any CPU
		{da2648cd-fddd-54b7-e892-7c52c78dfd3a}.Debug|Any CPU.ActiveCfg = Debug|Any CPU
		{da2648cd-fddd-54b7-e892-7c52c78dfd3a}.Debug|Any CPU.Build.0 = Debug|Any CPU
		{f241cab5-08b3-f19a-d3b4-8bdbe2465652}.Debug|Any CPU.ActiveCfg = Debug|Any CPU
		{f241cab5-08b3-f19a-d3b4-8bdbe2465652}.Debug|Any CPU.Build.0 = Debug|Any CPU
		{5f2ed5da-ebb9-0ee2-f98e-c7f1d4eb88ef}.Debug|Any CPU.ActiveCfg = Debug|Any CPU
		{5f2ed5da-ebb9-0ee2-f98e-c7f1d4eb88ef}.Debug|Any CPU.Build.0 = Debug|Any CPU
		{26547aaf-91c9-e79f-bba6-ceb725691ae4}.Debug|Any CPU.ActiveCfg = Debug|Any CPU
		{26547aaf-91c9-e79f-bba6-ceb725691ae4}.Debug|Any CPU.Build.0 = Debug|Any CPU
		{dab45650-4847-aad5-00d7-1142371864c0}.Debug|Any CPU.ActiveCfg = Debug|Any CPU
		{dab45650-4847-aad5-00d7-1142371864c0}.Debug|Any CPU.Build.0 = Debug|Any CPU
		{5e3734d6-0c60-493e-7f29-5c202192e496}.Debug|Any CPU.ActiveCfg = Debug|Any CPU
		{5e3734d6-0c60-493e-7f29-5c202192e496}.Debug|Any CPU.Build.0 = Debug|Any CPU
		{9a412948-0d7e-c318-bcb5-1142c9e74df5}.Debug|Any CPU.ActiveCfg = Debug|Any CPU
		{9a412948-0d7e-c318-bcb5-1142c9e74df5}.Debug|Any CPU.Build.0 = Debug|Any CPU
		{d71edc01-29e5-a6c6-bce2-4ee19981787b}.Debug|Any CPU.ActiveCfg = Debug|Any CPU
		{d71edc01-29e5-a6c6-bce2-4ee19981787b}.Debug|Any CPU.Build.0 = Debug|Any CPU
		{8a00f238-4230-e4fd-85f4-565f9cf6a28b}.Debug|Any CPU.ActiveCfg = Debug|Any CPU
		{8a00f238-4230-e4fd-85f4-565f9cf6a28b}.Debug|Any CPU.Build.0 = Debug|Any CPU
		{c1cbc0d4-320d-58f8-190a-8fed197d897e}.Debug|Any CPU.ActiveCfg = Debug|Any CPU
		{c1cbc0d4-320d-58f8-190a-8fed197d897e}.Debug|Any CPU.Build.0 = Debug|Any CPU
		{ff349955-cbbc-0701-ce45-1ff3a4af8c2f}.Debug|Any CPU.ActiveCfg = Debug|Any CPU
		{ff349955-cbbc-0701-ce45-1ff3a4af8c2f}.Debug|Any CPU.Build.0 = Debug|Any CPU
		{73e241d2-9fad-6a26-e37a-1b6aea584c60}.Debug|Any CPU.ActiveCfg = Debug|Any CPU
		{73e241d2-9fad-6a26-e37a-1b6aea584c60}.Debug|Any CPU.Build.0 = Debug|Any CPU
		{9a2ad9a2-74da-5e3c-1ded-520757d74dc8}.Debug|Any CPU.ActiveCfg = Debug|Any CPU
		{9a2ad9a2-74da-5e3c-1ded-520757d74dc8}.Debug|Any CPU.Build.0 = Debug|Any CPU
		{fc9bb0c4-4458-20bb-7243-a383b661cbe4}.Debug|Any CPU.ActiveCfg = Debug|Any CPU
		{fc9bb0c4-4458-20bb-7243-a383b661cbe4}.Debug|Any CPU.Build.0 = Debug|Any CPU
		{b3e03241-196e-940c-2271-8d81cfceb9a8}.Debug|Any CPU.ActiveCfg = Debug|Any CPU
		{b3e03241-196e-940c-2271-8d81cfceb9a8}.Debug|Any CPU.Build.0 = Debug|Any CPU
		{f12bc568-0450-406a-c43d-37540e86c2fd}.Debug|Any CPU.ActiveCfg = Debug|Any CPU
		{f12bc568-0450-406a-c43d-37540e86c2fd}.Debug|Any CPU.Build.0 = Debug|Any CPU
		{a5eba1c3-b128-527b-ad85-97453681cda3}.Debug|Any CPU.ActiveCfg = Debug|Any CPU
		{a5eba1c3-b128-527b-ad85-97453681cda3}.Debug|Any CPU.Build.0 = Debug|Any CPU
		{c8a9c164-e5b5-cdc9-2992-bc007b1757b9}.Debug|Any CPU.ActiveCfg = Debug|Any CPU
		{c8a9c164-e5b5-cdc9-2992-bc007b1757b9}.Debug|Any CPU.Build.0 = Debug|Any CPU
		{b49d1503-66b3-edfb-1252-0afcca4aa103}.Debug|Any CPU.ActiveCfg = Debug|Any CPU
		{b49d1503-66b3-edfb-1252-0afcca4aa103}.Debug|Any CPU.Build.0 = Debug|Any CPU
		{b9f01790-e455-264a-7f68-a34ae85c497d}.Debug|Any CPU.ActiveCfg = Debug|Any CPU
		{b9f01790-e455-264a-7f68-a34ae85c497d}.Debug|Any CPU.Build.0 = Debug|Any CPU
		{8714f219-df8a-fabe-ca32-053dc1fa450b}.Debug|Any CPU.ActiveCfg = Debug|Any CPU
		{8714f219-df8a-fabe-ca32-053dc1fa450b}.Debug|Any CPU.Build.0 = Debug|Any CPU
		{739e063a-dfe2-8345-58c2-25335c27127f}.Debug|Any CPU.ActiveCfg = Debug|Any CPU
		{739e063a-dfe2-8345-58c2-25335c27127f}.Debug|Any CPU.Build.0 = Debug|Any CPU
		{841d4ef0-8fa7-c614-a793-9b0287ce60ab}.Debug|Any CPU.ActiveCfg = Debug|Any CPU
		{841d4ef0-8fa7-c614-a793-9b0287ce60ab}.Debug|Any CPU.Build.0 = Debug|Any CPU
		{28a9e531-2da6-fd80-ee42-08147d22a861}.Debug|Any CPU.ActiveCfg = Debug|Any CPU
		{28a9e531-2da6-fd80-ee42-08147d22a861}.Debug|Any CPU.Build.0 = Debug|Any CPU
		{6e3871a0-f951-0865-cf0c-13efb9e14e98}.Debug|Any CPU.ActiveCfg = Debug|Any CPU
		{6e3871a0-f951-0865-cf0c-13efb9e14e98}.Debug|Any CPU.Build.0 = Debug|Any CPU
		{9dfc367d-f3bb-c9e7-8cd6-dab59a0de9d1}.Debug|Any CPU.ActiveCfg = Debug|Any CPU
		{9dfc367d-f3bb-c9e7-8cd6-dab59a0de9d1}.Debug|Any CPU.Build.0 = Debug|Any CPU
		{61bbbb62-3fa2-7380-9534-2e59ee1a396e}.Debug|Any CPU.ActiveCfg = Debug|Any CPU
		{61bbbb62-3fa2-7380-9534-2e59ee1a396e}.Debug|Any CPU.Build.0 = Debug|Any CPU
		{cea4a786-8334-e57a-65cb-6dd1398213fd}.Debug|Any CPU.ActiveCfg = Debug|Any CPU
		{cea4a786-8334-e57a-65cb-6dd1398213fd}.Debug|Any CPU.Build.0 = Debug|Any CPU
		{4c2f23fa-95dd-d8a0-f78d-f68ad8c09300}.Debug|Any CPU.ActiveCfg = Debug|Any CPU
		{4c2f23fa-95dd-d8a0-f78d-f68ad8c09300}.Debug|Any CPU.Build.0 = Debug|Any CPU
		{5a20c83e-5063-3932-0f56-64e842e5763c}.Debug|Any CPU.ActiveCfg = Debug|Any CPU
		{5a20c83e-5063-3932-0f56-64e842e5763c}.Debug|Any CPU.Build.0 = Debug|Any CPU
		{a42c88a8-6f86-26fc-7c9f-1e6b42b7469e}.Debug|Any CPU.ActiveCfg = Debug|Any CPU
		{a42c88a8-6f86-26fc-7c9f-1e6b42b7469e}.Debug|Any CPU.Build.0 = Debug|Any CPU
		{fe3c468f-6ea5-7b82-d30c-182b2b133880}.Debug|Any CPU.ActiveCfg = Debug|Any CPU
		{fe3c468f-6ea5-7b82-d30c-182b2b133880}.Debug|Any CPU.Build.0 = Debug|Any CPU
		{dbb9f4a5-5b79-1c28-2919-051f790c14e4}.Debug|Any CPU.ActiveCfg = Debug|Any CPU
		{dbb9f4a5-5b79-1c28-2919-051f790c14e4}.Debug|Any CPU.Build.0 = Debug|Any CPU
		{569aad5c-4c7d-5df3-0373-ed5451322fd1}.Debug|Any CPU.ActiveCfg = Debug|Any CPU
		{569aad5c-4c7d-5df3-0373-ed5451322fd1}.Debug|Any CPU.Build.0 = Debug|Any CPU
		{823ac039-4553-e15c-1976-d12a06b1e393}.Debug|Any CPU.ActiveCfg = Debug|Any CPU
		{823ac039-4553-e15c-1976-d12a06b1e393}.Debug|Any CPU.Build.0 = Debug|Any CPU
		{c7e93fec-09df-5e66-73c8-988e5c49ad48}.Debug|Any CPU.ActiveCfg = Debug|Any CPU
		{c7e93fec-09df-5e66-73c8-988e5c49ad48}.Debug|Any CPU.Build.0 = Debug|Any CPU
		{5f12ac8a-3010-ee6d-1a03-a1b0705ffde1}.Debug|Any CPU.ActiveCfg = Debug|Any CPU
		{5f12ac8a-3010-ee6d-1a03-a1b0705ffde1}.Debug|Any CPU.Build.0 = Debug|Any CPU
		{eddd287d-be24-4bd4-6e96-928b40bbc751}.Debug|Any CPU.ActiveCfg = Debug|Any CPU
		{eddd287d-be24-4bd4-6e96-928b40bbc751}.Debug|Any CPU.Build.0 = Debug|Any CPU
		{7d73c15d-462e-8383-1385-de33935c8ff2}.Debug|Any CPU.ActiveCfg = Debug|Any CPU
		{7d73c15d-462e-8383-1385-de33935c8ff2}.Debug|Any CPU.Build.0 = Debug|Any CPU
		{3140962f-44f6-045c-3af9-331f0a008714}.Debug|Any CPU.ActiveCfg = Debug|Any CPU
		{3140962f-44f6-045c-3af9-331f0a008714}.Debug|Any CPU.Build.0 = Debug|Any CPU
		{41914bc2-9c7d-406e-f651-d30754382c9c}.Debug|Any CPU.ActiveCfg = Debug|Any CPU
		{41914bc2-9c7d-406e-f651-d30754382c9c}.Debug|Any CPU.Build.0 = Debug|Any CPU
		{d4ffd859-ee7c-b75e-7550-4465a14885e5}.Debug|Any CPU.ActiveCfg = Debug|Any CPU
		{d4ffd859-ee7c-b75e-7550-4465a14885e5}.Debug|Any CPU.Build.0 = Debug|Any CPU
		{459c3054-7ad9-9f21-9795-c563c749a6e6}.Debug|Any CPU.ActiveCfg = Debug|Any CPU
		{459c3054-7ad9-9f21-9795-c563c749a6e6}.Debug|Any CPU.Build.0 = Debug|Any CPU
	EndGlobalSection
	GlobalSection(SolutionProperties) = preSolution
		HideSolutionNode = FALSE
	EndGlobalSection
EndGlobal
