
Microsoft Visual Studio Solution File, Format Version 11.00
# Visual Studio 2010
Project("{FAE04EC0-301F-11D3-BF4B-00C04F79EFBC}") = "Assembly-CSharp", "Assembly-CSharp.csproj", "{f9000bf8-f844-c755-4322-aa57d05aa516}"
EndProject
Project("{FAE04EC0-301F-11D3-BF4B-00C04F79EFBC}") = "Assembly-CSharp-firstpass", "Assembly-CSharp-firstpass.csproj", "{2250a351-b06e-23f2-8b5f-d240e12c800e}"
EndProject
Global
	GlobalSection(SolutionConfigurationPlatforms) = preSolution
		Debug|Any CPU = Debug|Any CPU
	EndGlobalSection
	GlobalSection(ProjectConfigurationPlatforms) = postSolution
		{f9000bf8-f844-c755-4322-aa57d05aa516}.Debug|Any CPU.ActiveCfg = Debug|Any CPU
		{f9000bf8-f844-c755-4322-aa57d05aa516}.Debug|Any CPU.Build.0 = Debug|Any CPU
		{2250a351-b06e-23f2-8b5f-d240e12c800e}.Debug|Any CPU.ActiveCfg = Debug|Any CPU
		{2250a351-b06e-23f2-8b5f-d240e12c800e}.Debug|Any CPU.Build.0 = Debug|Any CPU
	EndGlobalSection
	GlobalSection(SolutionProperties) = preSolution
		HideSolutionNode = FALSE
	EndGlobalSection
EndGlobal
